
Microsoft Visual Studio Solution File, Format Version 12.00
# Visual Studio 15
VisualStudioVersion = 15.0.28010.2003
MinimumVisualStudioVersion = 10.0.40219.1
Project("{FAE04EC0-301F-11D3-BF4B-00C04F79EFBC}") = "TestTransform_TeraData_Sql", "TestTransform_TeraData_Sql\TestTransform_TeraData_Sql.csproj", "{F055C419-8895-47B9-AAB0-C46C0948A674}"
EndProject
Global
	GlobalSection(SolutionConfigurationPlatforms) = preSolution
		Debug|Any CPU = Debug|Any CPU
		Release|Any CPU = Release|Any CPU
	EndGlobalSection
	GlobalSection(ProjectConfigurationPlatforms) = postSolution
		{F055C419-8895-47B9-AAB0-C46C0948A674}.Debug|Any CPU.ActiveCfg = Debug|Any CPU
		{F055C419-8895-47B9-AAB0-C46C0948A674}.Debug|Any CPU.Build.0 = Debug|Any CPU
		{F055C419-8895-47B9-AAB0-C46C0948A674}.Release|Any CPU.ActiveCfg = Release|Any CPU
		{F055C419-8895-47B9-AAB0-C46C0948A674}.Release|Any CPU.Build.0 = Release|Any CPU
	EndGlobalSection
	GlobalSection(SolutionProperties) = preSolution
		HideSolutionNode = FALSE
	EndGlobalSection
	GlobalSection(ExtensibilityGlobals) = postSolution
		SolutionGuid = {D7FA64A1-2A0A-42CE-8D8C-1EE6B5D8FD7C}
	EndGlobalSection
EndGlobal
